// !$*UTF8*$!
{
	archiveVersion = 1;
	classes = {
	};
	objectVersion = 51;
	objects = {

/* Begin PBXBuildFile section */
		0411E0A222927BAF00A22822 /* UIView+DC.swift in Sources */ = {isa = PBXBuildFile; fileRef = 0411E08C22927BAF00A22822 /* UIView+DC.swift */; };
		0411E0A322927BAF00A22822 /* UIColor+DC.swift in Sources */ = {isa = PBXBuildFile; fileRef = 0411E08D22927BAF00A22822 /* UIColor+DC.swift */; };
		0411E0A422927BAF00A22822 /* String+DC.swift in Sources */ = {isa = PBXBuildFile; fileRef = 0411E08E22927BAF00A22822 /* String+DC.swift */; };
		0411E0A522927BAF00A22822 /* NSRegularExpression+DC.swift in Sources */ = {isa = PBXBuildFile; fileRef = 0411E08F22927BAF00A22822 /* NSRegularExpression+DC.swift */; };
		0411E0A622927BAF00A22822 /* DCEditImageEditView.swift in Sources */ = {isa = PBXBuildFile; fileRef = 0411E09122927BAF00A22822 /* DCEditImageEditView.swift */; };
		0411E0A722927BAF00A22822 /* ic_rotate_90_degrees_ccw.png in Resources */ = {isa = PBXBuildFile; fileRef = 0411E09322927BAF00A22822 /* ic_rotate_90_degrees_ccw.png */; };
		0411E0A822927BAF00A22822 /* cycle_bottom_right.png in Resources */ = {isa = PBXBuildFile; fileRef = 0411E09422927BAF00A22822 /* cycle_bottom_right.png */; };
		0411E0A922927BAF00A22822 /* cycle_bottom_left.png in Resources */ = {isa = PBXBuildFile; fileRef = 0411E09522927BAF00A22822 /* cycle_bottom_left.png */; };
		0411E0AA22927BAF00A22822 /* cycle_top_left.png in Resources */ = {isa = PBXBuildFile; fileRef = 0411E09622927BAF00A22822 /* cycle_top_left.png */; };
		0411E0AB22927BAF00A22822 /* xcode.jpeg in Resources */ = {isa = PBXBuildFile; fileRef = 0411E09722927BAF00A22822 /* xcode.jpeg */; };
		0411E0AC22927BAF00A22822 /* 25.jpg in Resources */ = {isa = PBXBuildFile; fileRef = 0411E09822927BAF00A22822 /* 25.jpg */; };
		0411E0AD22927BAF00A22822 /* cycle_top_right.png in Resources */ = {isa = PBXBuildFile; fileRef = 0411E09922927BAF00A22822 /* cycle_top_right.png */; };
		0411E0AE22927BAF00A22822 /* DCEditImageController.swift in Sources */ = {isa = PBXBuildFile; fileRef = 0411E09A22927BAF00A22822 /* DCEditImageController.swift */; };
		0411E0AF22927BAF00A22822 /* DCEditImageActionView.swift in Sources */ = {isa = PBXBuildFile; fileRef = 0411E09B22927BAF00A22822 /* DCEditImageActionView.swift */; };
		0411E0B022927BAF00A22822 /* DCEditImageCaptureView.swift in Sources */ = {isa = PBXBuildFile; fileRef = 0411E09C22927BAF00A22822 /* DCEditImageCaptureView.swift */; };
		0411E0B122927BAF00A22822 /* DCTextView.swift in Sources */ = {isa = PBXBuildFile; fileRef = 0411E09E22927BAF00A22822 /* DCTextView.swift */; };
		0411E0B222927BAF00A22822 /* DCLocationManager.swift in Sources */ = {isa = PBXBuildFile; fileRef = 0411E09F22927BAF00A22822 /* DCLocationManager.swift */; };
		0411E0B322927BAF00A22822 /* DCTextField.swift in Sources */ = {isa = PBXBuildFile; fileRef = 0411E0A022927BAF00A22822 /* DCTextField.swift */; };
		0411E0B422927BAF00A22822 /* DCCountDownTextView.swift in Sources */ = {isa = PBXBuildFile; fileRef = 0411E0A122927BAF00A22822 /* DCCountDownTextView.swift */; };
		045028E22276E69100088784 /* AppDelegate.swift in Sources */ = {isa = PBXBuildFile; fileRef = 045028E12276E69100088784 /* AppDelegate.swift */; };
		045028E42276E69100088784 /* ViewController.swift in Sources */ = {isa = PBXBuildFile; fileRef = 045028E32276E69100088784 /* ViewController.swift */; };
		045028E72276E69100088784 /* Main.storyboard in Resources */ = {isa = PBXBuildFile; fileRef = 045028E52276E69100088784 /* Main.storyboard */; };
		045028E92276E69200088784 /* Assets.xcassets in Resources */ = {isa = PBXBuildFile; fileRef = 045028E82276E69200088784 /* Assets.xcassets */; };
		045028EC2276E69200088784 /* LaunchScreen.storyboard in Resources */ = {isa = PBXBuildFile; fileRef = 045028EA2276E69200088784 /* LaunchScreen.storyboard */; };
		8AA9161EEA5F70BBFB66D90D /* Pods_DCFramework.framework in Frameworks */ = {isa = PBXBuildFile; fileRef = 5F0FE0B852942A4D40BF6541 /* Pods_DCFramework.framework */; };
/* End PBXBuildFile section */

/* Begin PBXFileReference section */
		0411E08C22927BAF00A22822 /* UIView+DC.swift */ = {isa = PBXFileReference; fileEncoding = 4; lastKnownFileType = sourcecode.swift; path = "UIView+DC.swift"; sourceTree = "<group>"; };
		0411E08D22927BAF00A22822 /* UIColor+DC.swift */ = {isa = PBXFileReference; fileEncoding = 4; lastKnownFileType = sourcecode.swift; path = "UIColor+DC.swift"; sourceTree = "<group>"; };
		0411E08E22927BAF00A22822 /* String+DC.swift */ = {isa = PBXFileReference; fileEncoding = 4; lastKnownFileType = sourcecode.swift; path = "String+DC.swift"; sourceTree = "<group>"; };
		0411E08F22927BAF00A22822 /* NSRegularExpression+DC.swift */ = {isa = PBXFileReference; fileEncoding = 4; lastKnownFileType = sourcecode.swift; path = "NSRegularExpression+DC.swift"; sourceTree = "<group>"; };
		0411E09122927BAF00A22822 /* DCEditImageEditView.swift */ = {isa = PBXFileReference; fileEncoding = 4; lastKnownFileType = sourcecode.swift; path = DCEditImageEditView.swift; sourceTree = "<group>"; };
		0411E09322927BAF00A22822 /* ic_rotate_90_degrees_ccw.png */ = {isa = PBXFileReference; lastKnownFileType = image.png; path = ic_rotate_90_degrees_ccw.png; sourceTree = "<group>"; };
		0411E09422927BAF00A22822 /* cycle_bottom_right.png */ = {isa = PBXFileReference; lastKnownFileType = image.png; path = cycle_bottom_right.png; sourceTree = "<group>"; };
		0411E09522927BAF00A22822 /* cycle_bottom_left.png */ = {isa = PBXFileReference; lastKnownFileType = image.png; path = cycle_bottom_left.png; sourceTree = "<group>"; };
		0411E09622927BAF00A22822 /* cycle_top_left.png */ = {isa = PBXFileReference; lastKnownFileType = image.png; path = cycle_top_left.png; sourceTree = "<group>"; };
		0411E09722927BAF00A22822 /* xcode.jpeg */ = {isa = PBXFileReference; lastKnownFileType = image.jpeg; path = xcode.jpeg; sourceTree = "<group>"; };
		0411E09822927BAF00A22822 /* 25.jpg */ = {isa = PBXFileReference; lastKnownFileType = image.jpeg; path = 25.jpg; sourceTree = "<group>"; };
		0411E09922927BAF00A22822 /* cycle_top_right.png */ = {isa = PBXFileReference; lastKnownFileType = image.png; path = cycle_top_right.png; sourceTree = "<group>"; };
		0411E09A22927BAF00A22822 /* DCEditImageController.swift */ = {isa = PBXFileReference; fileEncoding = 4; lastKnownFileType = sourcecode.swift; path = DCEditImageController.swift; sourceTree = "<group>"; };
		0411E09B22927BAF00A22822 /* DCEditImageActionView.swift */ = {isa = PBXFileReference; fileEncoding = 4; lastKnownFileType = sourcecode.swift; path = DCEditImageActionView.swift; sourceTree = "<group>"; };
		0411E09C22927BAF00A22822 /* DCEditImageCaptureView.swift */ = {isa = PBXFileReference; fileEncoding = 4; lastKnownFileType = sourcecode.swift; path = DCEditImageCaptureView.swift; sourceTree = "<group>"; };
		0411E09E22927BAF00A22822 /* DCTextView.swift */ = {isa = PBXFileReference; fileEncoding = 4; lastKnownFileType = sourcecode.swift; path = DCTextView.swift; sourceTree = "<group>"; };
		0411E09F22927BAF00A22822 /* DCLocationManager.swift */ = {isa = PBXFileReference; fileEncoding = 4; lastKnownFileType = sourcecode.swift; path = DCLocationManager.swift; sourceTree = "<group>"; };
		0411E0A022927BAF00A22822 /* DCTextField.swift */ = {isa = PBXFileReference; fileEncoding = 4; lastKnownFileType = sourcecode.swift; path = DCTextField.swift; sourceTree = "<group>"; };
		0411E0A122927BAF00A22822 /* DCCountDownTextView.swift */ = {isa = PBXFileReference; fileEncoding = 4; lastKnownFileType = sourcecode.swift; path = DCCountDownTextView.swift; sourceTree = "<group>"; };
		045028DE2276E69100088784 /* DCFramework.app */ = {isa = PBXFileReference; explicitFileType = wrapper.application; includeInIndex = 0; path = DCFramework.app; sourceTree = BUILT_PRODUCTS_DIR; };
		045028E12276E69100088784 /* AppDelegate.swift */ = {isa = PBXFileReference; lastKnownFileType = sourcecode.swift; path = AppDelegate.swift; sourceTree = "<group>"; };
		045028E32276E69100088784 /* ViewController.swift */ = {isa = PBXFileReference; lastKnownFileType = sourcecode.swift; path = ViewController.swift; sourceTree = "<group>"; };
		045028E62276E69100088784 /* Base */ = {isa = PBXFileReference; lastKnownFileType = file.storyboard; name = Base; path = Base.lproj/Main.storyboard; sourceTree = "<group>"; };
		045028E82276E69200088784 /* Assets.xcassets */ = {isa = PBXFileReference; lastKnownFileType = folder.assetcatalog; path = Assets.xcassets; sourceTree = "<group>"; };
		045028EB2276E69200088784 /* Base */ = {isa = PBXFileReference; lastKnownFileType = file.storyboard; name = Base; path = Base.lproj/LaunchScreen.storyboard; sourceTree = "<group>"; };
		045028ED2276E69200088784 /* Info.plist */ = {isa = PBXFileReference; lastKnownFileType = text.plist.xml; path = Info.plist; sourceTree = "<group>"; };
		06D2C1F93FE7130B60922172 /* Pods-DCFramework.debug.xcconfig */ = {isa = PBXFileReference; includeInIndex = 1; lastKnownFileType = text.xcconfig; name = "Pods-DCFramework.debug.xcconfig"; path = "Pods/Target Support Files/Pods-DCFramework/Pods-DCFramework.debug.xcconfig"; sourceTree = "<group>"; };
		5F0FE0B852942A4D40BF6541 /* Pods_DCFramework.framework */ = {isa = PBXFileReference; explicitFileType = wrapper.framework; includeInIndex = 0; path = Pods_DCFramework.framework; sourceTree = BUILT_PRODUCTS_DIR; };
		9DBF1376724858B1A0FF585B /* Pods-DCFramework.release.xcconfig */ = {isa = PBXFileReference; includeInIndex = 1; lastKnownFileType = text.xcconfig; name = "Pods-DCFramework.release.xcconfig"; path = "Pods/Target Support Files/Pods-DCFramework/Pods-DCFramework.release.xcconfig"; sourceTree = "<group>"; };
/* End PBXFileReference section */

/* Begin PBXFrameworksBuildPhase section */
		045028DB2276E69100088784 /* Frameworks */ = {
			isa = PBXFrameworksBuildPhase;
			buildActionMask = 2147483647;
			files = (
				8AA9161EEA5F70BBFB66D90D /* Pods_DCFramework.framework in Frameworks */,
			);
			runOnlyForDeploymentPostprocessing = 0;
		};
/* End PBXFrameworksBuildPhase section */

/* Begin PBXGroup section */
		0411E08A22927BAF00A22822 /* DCFramework */ = {
			isa = PBXGroup;
			children = (
				0411E08B22927BAF00A22822 /* extension */,
				0411E09022927BAF00A22822 /* DCEditImageController */,
				0411E09D22927BAF00A22822 /* class */,
			);
			path = DCFramework;
			sourceTree = "<group>";
		};
		0411E08B22927BAF00A22822 /* extension */ = {
			isa = PBXGroup;
			children = (
				0411E08C22927BAF00A22822 /* UIView+DC.swift */,
				0411E08D22927BAF00A22822 /* UIColor+DC.swift */,
				0411E08E22927BAF00A22822 /* String+DC.swift */,
				0411E08F22927BAF00A22822 /* NSRegularExpression+DC.swift */,
			);
			path = extension;
			sourceTree = "<group>";
		};
		0411E09022927BAF00A22822 /* DCEditImageController */ = {
			isa = PBXGroup;
			children = (
				0411E09122927BAF00A22822 /* DCEditImageEditView.swift */,
				0411E09222927BAF00A22822 /* Source */,
				0411E09A22927BAF00A22822 /* DCEditImageController.swift */,
				0411E09B22927BAF00A22822 /* DCEditImageActionView.swift */,
				0411E09C22927BAF00A22822 /* DCEditImageCaptureView.swift */,
			);
			path = DCEditImageController;
			sourceTree = "<group>";
		};
		0411E09222927BAF00A22822 /* Source */ = {
			isa = PBXGroup;
			children = (
				0411E09322927BAF00A22822 /* ic_rotate_90_degrees_ccw.png */,
				0411E09422927BAF00A22822 /* cycle_bottom_right.png */,
				0411E09522927BAF00A22822 /* cycle_bottom_left.png */,
				0411E09622927BAF00A22822 /* cycle_top_left.png */,
				0411E09722927BAF00A22822 /* xcode.jpeg */,
				0411E09822927BAF00A22822 /* 25.jpg */,
				0411E09922927BAF00A22822 /* cycle_top_right.png */,
			);
			path = Source;
			sourceTree = "<group>";
		};
		0411E09D22927BAF00A22822 /* class */ = {
			isa = PBXGroup;
			children = (
				0411E09E22927BAF00A22822 /* DCTextView.swift */,
				0411E09F22927BAF00A22822 /* DCLocationManager.swift */,
				0411E0A022927BAF00A22822 /* DCTextField.swift */,
				0411E0A122927BAF00A22822 /* DCCountDownTextView.swift */,
			);
			path = class;
			sourceTree = "<group>";
		};
		045028D52276E69100088784 = {
			isa = PBXGroup;
			children = (
				045028E02276E69100088784 /* DCFramework */,
				045028DF2276E69100088784 /* Products */,
				17E73F8B4BD1697BD090AB01 /* Pods */,
				CBEE30E01B2659E826B3A2BD /* Frameworks */,
			);
			sourceTree = "<group>";
		};
		045028DF2276E69100088784 /* Products */ = {
			isa = PBXGroup;
			children = (
				045028DE2276E69100088784 /* DCFramework.app */,
			);
			name = Products;
			sourceTree = "<group>";
		};
		045028E02276E69100088784 /* DCFramework */ = {
			isa = PBXGroup;
			children = (
				0411E08A22927BAF00A22822 /* DCFramework */,
				045028E12276E69100088784 /* AppDelegate.swift */,
				045028E32276E69100088784 /* ViewController.swift */,
				045028E52276E69100088784 /* Main.storyboard */,
				045028E82276E69200088784 /* Assets.xcassets */,
				045028EA2276E69200088784 /* LaunchScreen.storyboard */,
				045028ED2276E69200088784 /* Info.plist */,
			);
			path = DCFramework;
			sourceTree = "<group>";
		};
		17E73F8B4BD1697BD090AB01 /* Pods */ = {
			isa = PBXGroup;
			children = (
				06D2C1F93FE7130B60922172 /* Pods-DCFramework.debug.xcconfig */,
				9DBF1376724858B1A0FF585B /* Pods-DCFramework.release.xcconfig */,
			);
			name = Pods;
			sourceTree = "<group>";
		};
		CBEE30E01B2659E826B3A2BD /* Frameworks */ = {
			isa = PBXGroup;
			children = (
				5F0FE0B852942A4D40BF6541 /* Pods_DCFramework.framework */,
			);
			name = Frameworks;
			sourceTree = "<group>";
		};
/* End PBXGroup section */

/* Begin PBXNativeTarget section */
		045028DD2276E69100088784 /* DCFramework */ = {
			isa = PBXNativeTarget;
			buildConfigurationList = 045028F02276E69200088784 /* Build configuration list for PBXNativeTarget "DCFramework" */;
			buildPhases = (
				34906266F6B2AD1210B97D09 /* [CP] Check Pods Manifest.lock */,
				045028DA2276E69100088784 /* Sources */,
				045028DB2276E69100088784 /* Frameworks */,
				045028DC2276E69100088784 /* Resources */,
				DBC9865839569E01C32421F2 /* [CP] Embed Pods Frameworks */,
			);
			buildRules = (
			);
			dependencies = (
			);
			name = DCFramework;
			productName = DCFramework;
			productReference = 045028DE2276E69100088784 /* DCFramework.app */;
			productType = "com.apple.product-type.application";
		};
/* End PBXNativeTarget section */

/* Begin PBXProject section */
		045028D62276E69100088784 /* Project object */ = {
			isa = PBXProject;
			attributes = {
				LastSwiftUpdateCheck = 1020;
				LastUpgradeCheck = 1020;
				ORGANIZATIONNAME = Dotry;
				TargetAttributes = {
					045028DD2276E69100088784 = {
						CreatedOnToolsVersion = 10.2.1;
					};
				};
			};
			buildConfigurationList = 045028D92276E69100088784 /* Build configuration list for PBXProject "DCFramework" */;
			compatibilityVersion = "Xcode 9.3";
			developmentRegion = en;
			hasScannedForEncodings = 0;
			knownRegions = (
				en,
				Base,
			);
			mainGroup = 045028D52276E69100088784;
			productRefGroup = 045028DF2276E69100088784 /* Products */;
			projectDirPath = "";
			projectRoot = "";
			targets = (
				045028DD2276E69100088784 /* DCFramework */,
			);
		};
/* End PBXProject section */

/* Begin PBXResourcesBuildPhase section */
		045028DC2276E69100088784 /* Resources */ = {
			isa = PBXResourcesBuildPhase;
			buildActionMask = 2147483647;
			files = (
				0411E0A922927BAF00A22822 /* cycle_bottom_left.png in Resources */,
				0411E0AB22927BAF00A22822 /* xcode.jpeg in Resources */,
				045028EC2276E69200088784 /* LaunchScreen.storyboard in Resources */,
				0411E0AC22927BAF00A22822 /* 25.jpg in Resources */,
				045028E92276E69200088784 /* Assets.xcassets in Resources */,
				045028E72276E69100088784 /* Main.storyboard in Resources */,
				0411E0A822927BAF00A22822 /* cycle_bottom_right.png in Resources */,
				0411E0AA22927BAF00A22822 /* cycle_top_left.png in Resources */,
				0411E0A722927BAF00A22822 /* ic_rotate_90_degrees_ccw.png in Resources */,
				0411E0AD22927BAF00A22822 /* cycle_top_right.png in Resources */,
			);
			runOnlyForDeploymentPostprocessing = 0;
		};
/* End PBXResourcesBuildPhase section */

/* Begin PBXShellScriptBuildPhase section */
		34906266F6B2AD1210B97D09 /* [CP] Check Pods Manifest.lock */ = {
			isa = PBXShellScriptBuildPhase;
			buildActionMask = 2147483647;
			files = (
			);
			inputFileListPaths = (
			);
			inputPaths = (
				"${PODS_PODFILE_DIR_PATH}/Podfile.lock",
				"${PODS_ROOT}/Manifest.lock",
			);
			name = "[CP] Check Pods Manifest.lock";
			outputFileListPaths = (
			);
			outputPaths = (
				"$(DERIVED_FILE_DIR)/Pods-DCFramework-checkManifestLockResult.txt",
			);
			runOnlyForDeploymentPostprocessing = 0;
			shellPath = /bin/sh;
			shellScript = "diff \"${PODS_PODFILE_DIR_PATH}/Podfile.lock\" \"${PODS_ROOT}/Manifest.lock\" > /dev/null\nif [ $? != 0 ] ; then\n    # print error to STDERR\n    echo \"error: The sandbox is not in sync with the Podfile.lock. Run 'pod install' or update your CocoaPods installation.\" >&2\n    exit 1\nfi\n# This output is used by Xcode 'outputs' to avoid re-running this script phase.\necho \"SUCCESS\" > \"${SCRIPT_OUTPUT_FILE_0}\"\n";
			showEnvVarsInLog = 0;
		};
		DBC9865839569E01C32421F2 /* [CP] Embed Pods Frameworks */ = {
			isa = PBXShellScriptBuildPhase;
			buildActionMask = 2147483647;
			files = (
			);
			inputFileListPaths = (
				"${PODS_ROOT}/Target Support Files/Pods-DCFramework/Pods-DCFramework-frameworks-${CONFIGURATION}-input-files.xcfilelist",
			);
			name = "[CP] Embed Pods Frameworks";
			outputFileListPaths = (
				"${PODS_ROOT}/Target Support Files/Pods-DCFramework/Pods-DCFramework-frameworks-${CONFIGURATION}-output-files.xcfilelist",
			);
			runOnlyForDeploymentPostprocessing = 0;
			shellPath = /bin/sh;
			shellScript = "\"${PODS_ROOT}/Target Support Files/Pods-DCFramework/Pods-DCFramework-frameworks.sh\"\n";
			showEnvVarsInLog = 0;
		};
/* End PBXShellScriptBuildPhase section */

/* Begin PBXSourcesBuildPhase section */
		045028DA2276E69100088784 /* Sources */ = {
			isa = PBXSourcesBuildPhase;
			buildActionMask = 2147483647;
			files = (
				0411E0B422927BAF00A22822 /* DCCountDownTextView.swift in Sources */,
				045028E42276E69100088784 /* ViewController.swift in Sources */,
				0411E0A222927BAF00A22822 /* UIView+DC.swift in Sources */,
				0411E0B022927BAF00A22822 /* DCEditImageCaptureView.swift in Sources */,
				0411E0B322927BAF00A22822 /* DCTextField.swift in Sources */,
				0411E0AE22927BAF00A22822 /* DCEditImageController.swift in Sources */,
				0411E0A522927BAF00A22822 /* NSRegularExpression+DC.swift in Sources */,
				0411E0B222927BAF00A22822 /* DCLocationManager.swift in Sources */,
				0411E0A422927BAF00A22822 /* String+DC.swift in Sources */,
				0411E0A322927BAF00A22822 /* UIColor+DC.swift in Sources */,
				0411E0A622927BAF00A22822 /* DCEditImageEditView.swift in Sources */,
				0411E0B122927BAF00A22822 /* DCTextView.swift in Sources */,
				045028E22276E69100088784 /* AppDelegate.swift in Sources */,
				0411E0AF22927BAF00A22822 /* DCEditImageActionView.swift in Sources */,
			);
			runOnlyForDeploymentPostprocessing = 0;
		};
/* End PBXSourcesBuildPhase section */

/* Begin PBXVariantGroup section */
		045028E52276E69100088784 /* Main.storyboard */ = {
			isa = PBXVariantGroup;
			children = (
				045028E62276E69100088784 /* Base */,
			);
			name = Main.storyboard;
			sourceTree = "<group>";
		};
		045028EA2276E69200088784 /* LaunchScreen.storyboard */ = {
			isa = PBXVariantGroup;
			children = (
				045028EB2276E69200088784 /* Base */,
			);
			name = LaunchScreen.storyboard;
			sourceTree = "<group>";
		};
/* End PBXVariantGroup section */

/* Begin XCBuildConfiguration section */
		045028EE2276E69200088784 /* Debug */ = {
			isa = XCBuildConfiguration;
			buildSettings = {
				ALWAYS_SEARCH_USER_PATHS = NO;
				CLANG_ANALYZER_NONNULL = YES;
				CLANG_ANALYZER_NUMBER_OBJECT_CONVERSION = YES_AGGRESSIVE;
				CLANG_CXX_LANGUAGE_STANDARD = "gnu++14";
				CLANG_CXX_LIBRARY = "libc++";
				CLANG_ENABLE_MODULES = YES;
				CLANG_ENABLE_OBJC_ARC = YES;
				CLANG_ENABLE_OBJC_WEAK = YES;
				CLANG_WARN_BLOCK_CAPTURE_AUTORELEASING = YES;
				CLANG_WARN_BOOL_CONVERSION = YES;
				CLANG_WARN_COMMA = YES;
				CLANG_WARN_CONSTANT_CONVERSION = YES;
				CLANG_WARN_DEPRECATED_OBJC_IMPLEMENTATIONS = YES;
				CLANG_WARN_DIRECT_OBJC_ISA_USAGE = YES_ERROR;
				CLANG_WARN_DOCUMENTATION_COMMENTS = YES;
				CLANG_WARN_EMPTY_BODY = YES;
				CLANG_WARN_ENUM_CONVERSION = YES;
				CLANG_WARN_INFINITE_RECURSION = YES;
				CLANG_WARN_INT_CONVERSION = YES;
				CLANG_WARN_NON_LITERAL_NULL_CONVERSION = YES;
				CLANG_WARN_OBJC_IMPLICIT_RETAIN_SELF = YES;
				CLANG_WARN_OBJC_LITERAL_CONVERSION = YES;
				CLANG_WARN_OBJC_ROOT_CLASS = YES_ERROR;
				CLANG_WARN_RANGE_LOOP_ANALYSIS = YES;
				CLANG_WARN_STRICT_PROTOTYPES = YES;
				CLANG_WARN_SUSPICIOUS_MOVE = YES;
				CLANG_WARN_UNGUARDED_AVAILABILITY = YES_AGGRESSIVE;
				CLANG_WARN_UNREACHABLE_CODE = YES;
				CLANG_WARN__DUPLICATE_METHOD_MATCH = YES;
				CODE_SIGN_IDENTITY = "iPhone Developer";
				COPY_PHASE_STRIP = NO;
				DEBUG_INFORMATION_FORMAT = dwarf;
				ENABLE_STRICT_OBJC_MSGSEND = YES;
				ENABLE_TESTABILITY = YES;
				GCC_C_LANGUAGE_STANDARD = gnu11;
				GCC_DYNAMIC_NO_PIC = NO;
				GCC_NO_COMMON_BLOCKS = YES;
				GCC_OPTIMIZATION_LEVEL = 0;
				GCC_PREPROCESSOR_DEFINITIONS = (
					"DEBUG=1",
					"$(inherited)",
				);
				GCC_WARN_64_TO_32_BIT_CONVERSION = YES;
				GCC_WARN_ABOUT_RETURN_TYPE = YES_ERROR;
				GCC_WARN_UNDECLARED_SELECTOR = YES;
				GCC_WARN_UNINITIALIZED_AUTOS = YES_AGGRESSIVE;
				GCC_WARN_UNUSED_FUNCTION = YES;
				GCC_WARN_UNUSED_VARIABLE = YES;
				IPHONEOS_DEPLOYMENT_TARGET = 12.2;
				MTL_ENABLE_DEBUG_INFO = INCLUDE_SOURCE;
				MTL_FAST_MATH = YES;
				ONLY_ACTIVE_ARCH = YES;
				SDKROOT = iphoneos;
				SWIFT_ACTIVE_COMPILATION_CONDITIONS = DEBUG;
				SWIFT_OPTIMIZATION_LEVEL = "-Onone";
			};
			name = Debug;
		};
		045028EF2276E69200088784 /* Release */ = {
			isa = XCBuildConfiguration;
			buildSettings = {
				ALWAYS_SEARCH_USER_PATHS = NO;
				CLANG_ANALYZER_NONNULL = YES;
				CLANG_ANALYZER_NUMBER_OBJECT_CONVERSION = YES_AGGRESSIVE;
				CLANG_CXX_LANGUAGE_STANDARD = "gnu++14";
				CLANG_CXX_LIBRARY = "libc++";
				CLANG_ENABLE_MODULES = YES;
				CLANG_ENABLE_OBJC_ARC = YES;
				CLANG_ENABLE_OBJC_WEAK = YES;
				CLANG_WARN_BLOCK_CAPTURE_AUTORELEASING = YES;
				CLANG_WARN_BOOL_CONVERSION = YES;
				CLANG_WARN_COMMA = YES;
				CLANG_WARN_CONSTANT_CONVERSION = YES;
				CLANG_WARN_DEPRECATED_OBJC_IMPLEMENTATIONS = YES;
				CLANG_WARN_DIRECT_OBJC_ISA_USAGE = YES_ERROR;
				CLANG_WARN_DOCUMENTATION_COMMENTS = YES;
				CLANG_WARN_EMPTY_BODY = YES;
				CLANG_WARN_ENUM_CONVERSION = YES;
				CLANG_WARN_INFINITE_RECURSION = YES;
				CLANG_WARN_INT_CONVERSION = YES;
				CLANG_WARN_NON_LITERAL_NULL_CONVERSION = YES;
				CLANG_WARN_OBJC_IMPLICIT_RETAIN_SELF = YES;
				CLANG_WARN_OBJC_LITERAL_CONVERSION = YES;
				CLANG_WARN_OBJC_ROOT_CLASS = YES_ERROR;
				CLANG_WARN_RANGE_LOOP_ANALYSIS = YES;
				CLANG_WARN_STRICT_PROTOTYPES = YES;
				CLANG_WARN_SUSPICIOUS_MOVE = YES;
				CLANG_WARN_UNGUARDED_AVAILABILITY = YES_AGGRESSIVE;
				CLANG_WARN_UNREACHABLE_CODE = YES;
				CLANG_WARN__DUPLICATE_METHOD_MATCH = YES;
				CODE_SIGN_IDENTITY = "iPhone Developer";
				COPY_PHASE_STRIP = NO;
				DEBUG_INFORMATION_FORMAT = "dwarf-with-dsym";
				ENABLE_NS_ASSERTIONS = NO;
				ENABLE_STRICT_OBJC_MSGSEND = YES;
				GCC_C_LANGUAGE_STANDARD = gnu11;
				GCC_NO_COMMON_BLOCKS = YES;
				GCC_WARN_64_TO_32_BIT_CONVERSION = YES;
				GCC_WARN_ABOUT_RETURN_TYPE = YES_ERROR;
				GCC_WARN_UNDECLARED_SELECTOR = YES;
				GCC_WARN_UNINITIALIZED_AUTOS = YES_AGGRESSIVE;
				GCC_WARN_UNUSED_FUNCTION = YES;
				GCC_WARN_UNUSED_VARIABLE = YES;
				IPHONEOS_DEPLOYMENT_TARGET = 12.2;
				MTL_ENABLE_DEBUG_INFO = NO;
				MTL_FAST_MATH = YES;
				SDKROOT = iphoneos;
				SWIFT_COMPILATION_MODE = wholemodule;
				SWIFT_OPTIMIZATION_LEVEL = "-O";
				VALIDATE_PRODUCT = YES;
			};
			name = Release;
		};
		045028F12276E69200088784 /* Debug */ = {
			isa = XCBuildConfiguration;
			baseConfigurationReference = 06D2C1F93FE7130B60922172 /* Pods-DCFramework.debug.xcconfig */;
			buildSettings = {
				ASSETCATALOG_COMPILER_APPICON_NAME = AppIcon;
				CODE_SIGN_STYLE = Automatic;
				DEVELOPMENT_TEAM = 7553QDVPRL;
				INFOPLIST_FILE = DCFramework/Info.plist;
				IPHONEOS_DEPLOYMENT_TARGET = 9.0;
				LD_RUNPATH_SEARCH_PATHS = (
					"$(inherited)",
					"@executable_path/Frameworks",
				);
				PRODUCT_BUNDLE_IDENTIFIER = com.znjtys.sfd.DCFramework;
				PRODUCT_NAME = "$(TARGET_NAME)";
				SWIFT_VERSION = 5.0;
				TARGETED_DEVICE_FAMILY = "1,2";
			};
			name = Debug;
		};
		045028F22276E69200088784 /* Release */ = {
			isa = XCBuildConfiguration;
			baseConfigurationReference = 9DBF1376724858B1A0FF585B /* Pods-DCFramework.release.xcconfig */;
			buildSettings = {
				ASSETCATALOG_COMPILER_APPICON_NAME = AppIcon;
				CODE_SIGN_STYLE = Automatic;
				DEVELOPMENT_TEAM = 7553QDVPRL;
				INFOPLIST_FILE = DCFramework/Info.plist;
				IPHONEOS_DEPLOYMENT_TARGET = 9.0;
				LD_RUNPATH_SEARCH_PATHS = (
					"$(inherited)",
					"@executable_path/Frameworks",
				);
				PRODUCT_BUNDLE_IDENTIFIER = com.znjtys.sfd.DCFramework;
				PRODUCT_NAME = "$(TARGET_NAME)";
				SWIFT_VERSION = 5.0;
				TARGETED_DEVICE_FAMILY = "1,2";
			};
			name = Release;
		};
/* End XCBuildConfiguration section */

/* Begin XCConfigurationList section */
		045028D92276E69100088784 /* Build configuration list for PBXProject "DCFramework" */ = {
			isa = XCConfigurationList;
			buildConfigurations = (
				045028EE2276E69200088784 /* Debug */,
				045028EF2276E69200088784 /* Release */,
			);
			defaultConfigurationIsVisible = 0;
			defaultConfigurationName = Release;
		};
		045028F02276E69200088784 /* Build configuration list for PBXNativeTarget "DCFramework" */ = {
			isa = XCConfigurationList;
			buildConfigurations = (
				045028F12276E69200088784 /* Debug */,
				045028F22276E69200088784 /* Release */,
			);
			defaultConfigurationIsVisible = 0;
			defaultConfigurationName = Release;
		};
/* End XCConfigurationList section */
	};
	rootObject = 045028D62276E69100088784 /* Project object */;
}
